
Microsoft Visual Studio Solution File, Format Version 12.00
# Visual Studio Version 17
VisualStudioVersion = 17.6.33723.286
MinimumVisualStudioVersion = 10.0.40219.1
Project("{FAE04EC0-301F-11D3-BF4B-00C04F79EFBC}") = "VowelOrConsonant", "VowelOrConsonant\VowelOrConsonant.csproj", "{D35DF461-E506-4B6F-AE01-96D82B2942AE}"
EndProject
Global
	GlobalSection(SolutionConfigurationPlatforms) = preSolution
		Debug|Any CPU = Debug|Any CPU
		Release|Any CPU = Release|Any CPU
	EndGlobalSection
	GlobalSection(ProjectConfigurationPlatforms) = postSolution
		{D35DF461-E506-4B6F-AE01-96D82B2942AE}.Debug|Any CPU.ActiveCfg = Debug|Any CPU
		{D35DF461-E506-4B6F-AE01-96D82B2942AE}.Debug|Any CPU.Build.0 = Debug|Any CPU
		{D35DF461-E506-4B6F-AE01-96D82B2942AE}.Release|Any CPU.ActiveCfg = Release|Any CPU
		{D35DF461-E506-4B6F-AE01-96D82B2942AE}.Release|Any CPU.Build.0 = Release|Any CPU
	EndGlobalSection
	GlobalSection(SolutionProperties) = preSolution
		HideSolutionNode = FALSE
	EndGlobalSection
	GlobalSection(ExtensibilityGlobals) = postSolution
		SolutionGuid = {35C5CDEF-AF07-4EB5-AB3D-9489EC1D28D7}
	EndGlobalSection
EndGlobal
